
Microsoft Visual Studio Solution File, Format Version 12.00
# Visual Studio Version 16
VisualStudioVersion = 16.0.29905.134
MinimumVisualStudioVersion = 10.0.40219.1
Project("{9A19103F-16F7-4668-BE54-9A1E7A4F7556}") = "Panosen.CodeDom.Vue", "Panosen.CodeDom.Vue\Panosen.CodeDom.Vue.csproj", "{1E50CCA5-163D-45D4-869B-3D93B4BCC49B}"
EndProject
Project("{9A19103F-16F7-4668-BE54-9A1E7A4F7556}") = "Panosen.CodeDom.Vue.Engine", "Panosen.CodeDom.Vue.Engine\Panosen.CodeDom.Vue.Engine.csproj", "{00B6FE0C-BAE4-4C26-B22D-E8A0EE4FC330}"
EndProject
Project("{FAE04EC0-301F-11D3-BF4B-00C04F79EFBC}") = "Panosen.CodeDom.Vue.Engine.MSTest", "Panosen.CodeDom.Vue.Engine.MSTest\Panosen.CodeDom.Vue.Engine.MSTest.csproj", "{30DDAF60-1EE6-4811-8F12-435D9FA14B91}"
EndProject
Global
	GlobalSection(SolutionConfigurationPlatforms) = preSolution
		Debug|Any CPU = Debug|Any CPU
		Release|Any CPU = Release|Any CPU
	EndGlobalSection
	GlobalSection(ProjectConfigurationPlatforms) = postSolution
		{1E50CCA5-163D-45D4-869B-3D93B4BCC49B}.Debug|Any CPU.ActiveCfg = Debug|Any CPU
		{1E50CCA5-163D-45D4-869B-3D93B4BCC49B}.Debug|Any CPU.Build.0 = Debug|Any CPU
		{1E50CCA5-163D-45D4-869B-3D93B4BCC49B}.Release|Any CPU.ActiveCfg = Release|Any CPU
		{1E50CCA5-163D-45D4-869B-3D93B4BCC49B}.Release|Any CPU.Build.0 = Release|Any CPU
		{00B6FE0C-BAE4-4C26-B22D-E8A0EE4FC330}.Debug|Any CPU.ActiveCfg = Debug|Any CPU
		{00B6FE0C-BAE4-4C26-B22D-E8A0EE4FC330}.Debug|Any CPU.Build.0 = Debug|Any CPU
		{00B6FE0C-BAE4-4C26-B22D-E8A0EE4FC330}.Release|Any CPU.ActiveCfg = Release|Any CPU
		{00B6FE0C-BAE4-4C26-B22D-E8A0EE4FC330}.Release|Any CPU.Build.0 = Release|Any CPU
		{30DDAF60-1EE6-4811-8F12-435D9FA14B91}.Debug|Any CPU.ActiveCfg = Debug|Any CPU
		{30DDAF60-1EE6-4811-8F12-435D9FA14B91}.Debug|Any CPU.Build.0 = Debug|Any CPU
		{30DDAF60-1EE6-4811-8F12-435D9FA14B91}.Release|Any CPU.ActiveCfg = Release|Any CPU
		{30DDAF60-1EE6-4811-8F12-435D9FA14B91}.Release|Any CPU.Build.0 = Release|Any CPU
	EndGlobalSection
	GlobalSection(SolutionProperties) = preSolution
		HideSolutionNode = FALSE
	EndGlobalSection
	GlobalSection(ExtensibilityGlobals) = postSolution
		SolutionGuid = {8DAAD0AC-8864-4828-8F01-D9480258A692}
	EndGlobalSection
EndGlobal
